// !$*UTF8*$!
{
	archiveVersion = 1;
	classes = {
	};
	objectVersion = 46;
	objects = {

/* Begin PBXGroup section */
		241A2E4D1D40F7C6005DFB1D = {
			isa = PBXGroup;
			children = (
			);
			sourceTree = "<group>";
		};
/* End PBXGroup section */

/* Begin PBXProject section */
		241A2E4E1D40F7C6005DFB1D /* Project object */ = {
			isa = PBXProject;
			attributes = {
				LastUpgradeCheck = 0730;
			};
			buildConfigurationList = 241A2E511D40F7C6005DFB1D /* Build configuration list for PBXProject "Leçon1" */;
			compatibilityVersion = "Xcode 3.2";
			developmentRegion = English;
			hasScannedForEncodings = 0;
			knownRegions = (
				en,
			);
			mainGroup = 241A2E4D1D40F7C6005DFB1D;
			projectDirPath = "";
			projectRoot = "";
			targets = (
			);
		};
/* End PBXProject section */

/* Begin XCBuildConfiguration section */
		241A2E521D40F7C6005DFB1D /* Debug */ = {
			isa = XCBuildConfiguration;
			buildSettings = {
			};
			name = Debug;
		};
		241A2E531D40F7C6005DFB1D /* Release */ = {
			isa = XCBuildConfiguration;
			buildSettings = {
			};
			name = Release;
		};
/* End XCBuildConfiguration section */

/* Begin XCConfigurationList section */
		241A2E511D40F7C6005DFB1D /* Build configuration list for PBXProject "Leçon1" */ = {
			isa = XCConfigurationList;
			buildConfigurations = (
				241A2E521D40F7C6005DFB1D /* Debug */,
				241A2E531D40F7C6005DFB1D /* Release */,
			);
			defaultConfigurationIsVisible = 0;
			defaultConfigurationName = Release;
		};
/* End XCConfigurationList section */
	};
	rootObject = 241A2E4E1D40F7C6005DFB1D /* Project object */;
}
